{
  "name": "voss-protocol",
  "version": "2.6.0",
  "lockfileVersion": 3,
  "requires": true,
  "packages": {
    "": {
      "name": "voss-protocol",
      "version": "2.6.0",
      "dependencies": {
        "@mysten/sui": "2.20.0",
        "pg": "^8.16.3"
      },
      "devDependencies": {
        "@playwright/test": "^1.62.1"
      },
      "engines": {
        "node": ">=20"
      }
    },
    "node_modules/@0no-co/graphql.web": {
      "version": "1.3.3",
      "license": "MIT",
      "peerDependencies": {
        "graphql": "^14.0.0 || ^15.0.0 || ^16.0.0"
      },
      "peerDependenciesMeta": {
        "graphql": {
          "optional": true
        }
      }
    },
    "node_modules/@0no-co/graphqlsp": {
      "version": "1.17.3",
      "license": "MIT",
      "dependencies": {
        "@gql.tada/internal": "^1.2.0",
        "graphql": "^15.5.0 || ^16.0.0 || ^17.0.0"
      },
      "peerDependencies": {
        "graphql": "^15.5.0 || ^16.0.0 || ^17.0.0",
        "typescript": "^5.0.0 || ^6.0.0"
      }
    },
    "node_modules/@gql.tada/cli-utils": {
      "version": "1.9.3",
      "license": "MIT",
      "dependencies": {
        "@0no-co/graphqlsp": "^1.17.3",
        "@gql.tada/internal": "1.2.2",
        "graphql": "^15.5.0 || ^16.0.0 || ^17.0.0"
      },
      "peerDependencies": {
        "@0no-co/graphqlsp": "^1.16.0",
        "@gql.tada/svelte-support": "1.0.3",
        "@gql.tada/vue-support": "1.0.3",
        "graphql": "^15.5.0 || ^16.0.0 || ^17.0.0",
        "typescript": "^5.0.0 || ^6.0.0 || ^7.0.0 || ^8.0.0"
      },
      "peerDependenciesMeta": {
        "@gql.tada/svelte-support": {
          "optional": true
        },
        "@gql.tada/vue-support": {
          "optional": true
        }
      }
    },
    "node_modules/@gql.tada/internal": {
      "version": "1.2.2",
      "license": "MIT",
      "dependencies": {
        "@0no-co/graphql.web": "^1.3.1"
      },
      "peerDependencies": {
        "graphql": "^15.5.0 || ^16.0.0 || ^17.0.0",
        "typescript": "^5.0.0 || ^6.0.0 || ^7.0.0 || ^8.0.0"
      }
    },
    "node_modules/@graphql-typed-document-node/core": {
      "version": "3.2.0",
      "license": "MIT",
      "peerDependencies": {
        "graphql": "^0.8.0 || ^0.9.0 || ^0.10.0 || ^0.11.0 || ^0.12.0 || ^0.13.0 || ^14.0.0 || ^15.0.0 || ^16.0.0 || ^17.0.0"
      }
    },
    "node_modules/@mysten/bcs": {
      "version": "2.1.0",
      "resolved": "http://mirrors.tencentyun.com/npm/@mysten/bcs/-/bcs-2.1.0.tgz",
      "integrity": "sha512-rIR/cDAqDfBDxmYEZXppN/on8gmh1OW0dYi/Bk2kMBZcYMTaBaEtEX1VR6g7HicVxuMbFAIP0/SQkdH7J9Y5dQ==",
      "license": "Apache-2.0",
      "dependencies": {
        "@mysten/utils": "^0.4.0",
        "@scure/base": "^2.2.0"
      }
    },
    "node_modules/@mysten/sui": {
      "version": "2.20.0",
      "resolved": "http://mirrors.tencentyun.com/npm/@mysten/sui/-/sui-2.20.0.tgz",
      "integrity": "sha512-xcRbhrSCunUecIjtkDn5KRz2dzPv2g6Vy5TIDkOYaOSALk2AjBkfzqDNWPgcL96DrQ4pv4gw63bwYSdwq1nXLg==",
      "license": "Apache-2.0",
      "dependencies": {
        "@graphql-typed-document-node/core": "^3.2.0",
        "@mysten/bcs": "^2.1.0",
        "@mysten/utils": "^0.4.0",
        "@noble/curves": "^2.2.0",
        "@noble/hashes": "^2.2.0",
        "@protobuf-ts/grpcweb-transport": "^2.11.1",
        "@protobuf-ts/runtime": "^2.11.1",
        "@protobuf-ts/runtime-rpc": "^2.11.1",
        "@scure/base": "^2.2.0",
        "@scure/bip32": "^2.2.0",
        "@scure/bip39": "^2.2.0",
        "gql.tada": "^1.10.1",
        "graphql": "^16.14.2",
        "poseidon-lite": "0.2.1",
        "valibot": "^1.4.1"
      },
      "engines": {
        "node": ">=22"
      }
    },
    "node_modules/@mysten/utils": {
      "version": "0.4.0",
      "resolved": "http://mirrors.tencentyun.com/npm/@mysten/utils/-/utils-0.4.0.tgz",
      "integrity": "sha512-nHlXECBl9kE+AHF/aw5a7JVNizae8Kb71A4H18BV/sXd5/l2BaWNGWVatq05fzJo3hF78AWorDxa++1TgcBKWw==",
      "license": "Apache-2.0",
      "dependencies": {
        "@scure/base": "^2.2.0"
      }
    },
    "node_modules/@noble/curves": {
      "version": "2.3.0",
      "license": "MIT",
      "dependencies": {
        "@noble/hashes": "2.3.0"
      },
      "engines": {
        "node": ">= 20.19.0"
      },
      "funding": {
        "url": "https://paulmillr.com/funding/"
      }
    },
    "node_modules/@noble/hashes": {
      "version": "2.3.0",
      "license": "MIT",
      "engines": {
        "node": ">= 20.19.0"
      },
      "funding": {
        "url": "https://paulmillr.com/funding/"
      }
    },
    "node_modules/@playwright/test": {
      "version": "1.62.1",
      "dev": true,
      "license": "Apache-2.0",
      "dependencies": {
        "playwright": "1.62.1"
      },
      "bin": {
        "playwright": "cli.js"
      },
      "engines": {
        "node": ">=20"
      }
    },
    "node_modules/@protobuf-ts/grpcweb-transport": {
      "version": "2.11.1",
      "license": "Apache-2.0",
      "dependencies": {
        "@protobuf-ts/runtime": "^2.11.1",
        "@protobuf-ts/runtime-rpc": "^2.11.1"
      }
    },
    "node_modules/@protobuf-ts/runtime": {
      "version": "2.11.1",
      "license": "(Apache-2.0 AND BSD-3-Clause)"
    },
    "node_modules/@protobuf-ts/runtime-rpc": {
      "version": "2.11.1",
      "license": "Apache-2.0",
      "dependencies": {
        "@protobuf-ts/runtime": "^2.11.1"
      }
    },
    "node_modules/@scure/base": {
      "version": "2.3.0",
      "license": "MIT",
      "funding": {
        "url": "https://paulmillr.com/funding/"
      }
    },
    "node_modules/@scure/bip32": {
      "version": "2.3.0",
      "license": "MIT",
      "dependencies": {
        "@noble/curves": "2.3.0",
        "@noble/hashes": "2.3.0",
        "@scure/base": "2.3.0"
      },
      "funding": {
        "url": "https://paulmillr.com/funding/"
      }
    },
    "node_modules/@scure/bip39": {
      "version": "2.3.0",
      "license": "MIT",
      "dependencies": {
        "@noble/hashes": "2.3.0"
      },
      "funding": {
        "url": "https://paulmillr.com/funding/"
      }
    },
    "node_modules/gql.tada": {
      "version": "1.11.3",
      "license": "MIT",
      "dependencies": {
        "@0no-co/graphql.web": "^1.3.2",
        "@0no-co/graphqlsp": "^1.17.3",
        "@gql.tada/cli-utils": "1.9.3",
        "@gql.tada/internal": "1.2.2"
      },
      "bin": {
        "gql-tada": "bin/cli.js",
        "gql.tada": "bin/cli.js"
      },
      "peerDependencies": {
        "typescript": "^5.0.0 || ^6.0.0 || ^7.0.0 || ^8.0.0"
      }
    },
    "node_modules/graphql": {
      "version": "16.14.2",
      "license": "MIT",
      "engines": {
        "node": "^12.22.0 || ^14.16.0 || ^16.0.0 || >=17.0.0"
      }
    },
    "node_modules/pg": {
      "version": "8.23.0",
      "license": "MIT",
      "dependencies": {
        "pg-connection-string": "^2.14.0",
        "pg-pool": "^3.14.0",
        "pg-protocol": "^1.16.0",
        "pg-types": "2.2.0",
        "pgpass": "1.0.5"
      },
      "engines": {
        "node": ">= 16.0.0"
      },
      "optionalDependencies": {
        "pg-cloudflare": "^1.4.0"
      },
      "peerDependencies": {
        "pg-native": ">=3.0.1"
      },
      "peerDependenciesMeta": {
        "pg-native": {
          "optional": true
        }
      }
    },
    "node_modules/pg-cloudflare": {
      "version": "1.4.0",
      "license": "MIT",
      "optional": true
    },
    "node_modules/pg-connection-string": {
      "version": "2.14.0",
      "license": "MIT"
    },
    "node_modules/pg-int8": {
      "version": "1.0.1",
      "license": "ISC",
      "engines": {
        "node": ">=4.0.0"
      }
    },
    "node_modules/pg-pool": {
      "version": "3.14.0",
      "license": "MIT",
      "peerDependencies": {
        "pg": ">=8.0"
      }
    },
    "node_modules/pg-protocol": {
      "version": "1.16.0",
      "license": "MIT"
    },
    "node_modules/pg-types": {
      "version": "2.2.0",
      "license": "MIT",
      "dependencies": {
        "pg-int8": "1.0.1",
        "postgres-array": "~2.0.0",
        "postgres-bytea": "~1.0.0",
        "postgres-date": "~1.0.4",
        "postgres-interval": "^1.1.0"
      },
      "engines": {
        "node": ">=4"
      }
    },
    "node_modules/pgpass": {
      "version": "1.0.5",
      "license": "MIT",
      "dependencies": {
        "split2": "^4.1.0"
      }
    },
    "node_modules/playwright": {
      "version": "1.62.1",
      "dev": true,
      "license": "Apache-2.0",
      "dependencies": {
        "playwright-core": "1.62.1"
      },
      "bin": {
        "playwright": "cli.js"
      },
      "engines": {
        "node": ">=20"
      },
      "optionalDependencies": {
        "fsevents": "2.3.2"
      }
    },
    "node_modules/playwright-core": {
      "version": "1.62.1",
      "dev": true,
      "license": "Apache-2.0",
      "bin": {
        "playwright-core": "cli.js"
      },
      "engines": {
        "node": ">=20"
      }
    },
    "node_modules/poseidon-lite": {
      "version": "0.2.1",
      "license": "MIT"
    },
    "node_modules/postgres-array": {
      "version": "2.0.0",
      "license": "MIT",
      "engines": {
        "node": ">=4"
      }
    },
    "node_modules/postgres-bytea": {
      "version": "1.0.1",
      "license": "MIT",
      "engines": {
        "node": ">=0.10.0"
      }
    },
    "node_modules/postgres-date": {
      "version": "1.0.7",
      "license": "MIT",
      "engines": {
        "node": ">=0.10.0"
      }
    },
    "node_modules/postgres-interval": {
      "version": "1.2.0",
      "license": "MIT",
      "dependencies": {
        "xtend": "^4.0.0"
      },
      "engines": {
        "node": ">=0.10.0"
      }
    },
    "node_modules/split2": {
      "version": "4.2.0",
      "license": "ISC",
      "engines": {
        "node": ">= 10.x"
      }
    },
    "node_modules/typescript": {
      "version": "6.0.3",
      "license": "Apache-2.0",
      "peer": true,
      "bin": {
        "tsc": "bin/tsc",
        "tsserver": "bin/tsserver"
      },
      "engines": {
        "node": ">=14.17"
      }
    },
    "node_modules/valibot": {
      "version": "1.4.2",
      "license": "MIT",
      "peerDependencies": {
        "typescript": ">=5"
      },
      "peerDependenciesMeta": {
        "typescript": {
          "optional": true
        }
      }
    },
    "node_modules/xtend": {
      "version": "4.0.2",
      "license": "MIT",
      "engines": {
        "node": ">=0.4"
      }
    }
  }
}
